{
    "requires": true,
    "lockfileVersion": 1,
    "dependencies": {
        "tinymce": {
            "version": "4.8.4",
            "resolved": "https://registry.npmjs.org/tinymce/-/tinymce-4.8.4.tgz",
            "integrity": "sha512-hbq7Xw8rnSc5oozvhgjeGKxZ9nhelNWLyoFq+BDUbrqztq5vF+4Lw8IsxFOfnn5teE383NeWLXQT9tRwf/eeHg=="
        }
    }
}
